
Microsoft Visual Studio Solution File, Format Version 12.00
# Visual Studio Version 17
VisualStudioVersion = 17.10.35013.160
MinimumVisualStudioVersion = 10.0.40219.1
Project("{2150E333-8FDC-42A3-9474-1A3956D46DE8}") = "FrontEnd", "FrontEnd", "{2186BE33-38F0-4405-B885-C6655C18FC62}"
EndProject
Project("{2150E333-8FDC-42A3-9474-1A3956D46DE8}") = "Gateway", "Gateway", "{8A1D4FC9-C4C3-44AE-99B3-65ACA478BC4F}"
EndProject
Project("{2150E333-8FDC-42A3-9474-1A3956D46DE8}") = "Integration", "Integration", "{8BBBD6E7-B02F-4C2E-BC44-9CAF04093D24}"
EndProject
Project("{2150E333-8FDC-42A3-9474-1A3956D46DE8}") = "Services", "Services", "{2C93EFAD-026F-4B33-B278-92FB93AB5392}"
EndProject
Project("{9A19103F-16F7-4668-BE54-9A1E7A4F7556}") = "Mango.Services.CouponAPI", "Mango.Services.CouponAPI\Mango.Services.CouponAPI.csproj", "{50532AD2-376F-4854-A6FA-BF63ABA58C11}"
EndProject
Project("{9A19103F-16F7-4668-BE54-9A1E7A4F7556}") = "Mango.Web", "Mango.Web\Mango.Web.csproj", "{E5A7E020-13E0-404D-B2F3-B51BE1803676}"
EndProject
Project("{9A19103F-16F7-4668-BE54-9A1E7A4F7556}") = "Mango.Services.AuthAPI", "Mango.Services.AuthAPI\Mango.Services.AuthAPI.csproj", "{77007C2D-2256-4C61-A1FA-A68D191676C5}"
EndProject
Project("{9A19103F-16F7-4668-BE54-9A1E7A4F7556}") = "Mango.Services.ProductAPI", "Mango.Services.ProductAPI\Mango.Services.ProductAPI.csproj", "{C42F6162-00A1-4036-A073-9FADFA4FA47A}"
EndProject
Project("{9A19103F-16F7-4668-BE54-9A1E7A4F7556}") = "Mango.Services.ShoppingCartAPI", "Mango.Services.ShoppingCartAPI\Mango.Services.ShoppingCartAPI.csproj", "{623865E1-ADD1-4DD8-A6D3-A0CCF7F8E71D}"
EndProject
Project("{9A19103F-16F7-4668-BE54-9A1E7A4F7556}") = "Mango.MessageBus", "Mango.MessageBus\Mango.MessageBus.csproj", "{8C838C83-4013-406A-8E9F-B8FC44929E9E}"
EndProject
Project("{FAE04EC0-301F-11D3-BF4B-00C04F79EFBC}") = "Mango.Services.EmailAPI", "Mango.Services.EmailAPI\Mango.Services.EmailAPI.csproj", "{5853035C-5670-45D0-9323-FC419D7D113B}"
EndProject
Global
	GlobalSection(SolutionConfigurationPlatforms) = preSolution
		Debug|Any CPU = Debug|Any CPU
		Release|Any CPU = Release|Any CPU
	EndGlobalSection
	GlobalSection(ProjectConfigurationPlatforms) = postSolution
		{50532AD2-376F-4854-A6FA-BF63ABA58C11}.Debug|Any CPU.ActiveCfg = Debug|Any CPU
		{50532AD2-376F-4854-A6FA-BF63ABA58C11}.Debug|Any CPU.Build.0 = Debug|Any CPU
		{50532AD2-376F-4854-A6FA-BF63ABA58C11}.Release|Any CPU.ActiveCfg = Release|Any CPU
		{50532AD2-376F-4854-A6FA-BF63ABA58C11}.Release|Any CPU.Build.0 = Release|Any CPU
		{E5A7E020-13E0-404D-B2F3-B51BE1803676}.Debug|Any CPU.ActiveCfg = Debug|Any CPU
		{E5A7E020-13E0-404D-B2F3-B51BE1803676}.Debug|Any CPU.Build.0 = Debug|Any CPU
		{E5A7E020-13E0-404D-B2F3-B51BE1803676}.Release|Any CPU.ActiveCfg = Release|Any CPU
		{E5A7E020-13E0-404D-B2F3-B51BE1803676}.Release|Any CPU.Build.0 = Release|Any CPU
		{77007C2D-2256-4C61-A1FA-A68D191676C5}.Debug|Any CPU.ActiveCfg = Debug|Any CPU
		{77007C2D-2256-4C61-A1FA-A68D191676C5}.Debug|Any CPU.Build.0 = Debug|Any CPU
		{77007C2D-2256-4C61-A1FA-A68D191676C5}.Release|Any CPU.ActiveCfg = Release|Any CPU
		{77007C2D-2256-4C61-A1FA-A68D191676C5}.Release|Any CPU.Build.0 = Release|Any CPU
		{C42F6162-00A1-4036-A073-9FADFA4FA47A}.Debug|Any CPU.ActiveCfg = Debug|Any CPU
		{C42F6162-00A1-4036-A073-9FADFA4FA47A}.Debug|Any CPU.Build.0 = Debug|Any CPU
		{C42F6162-00A1-4036-A073-9FADFA4FA47A}.Release|Any CPU.ActiveCfg = Release|Any CPU
		{C42F6162-00A1-4036-A073-9FADFA4FA47A}.Release|Any CPU.Build.0 = Release|Any CPU
		{623865E1-ADD1-4DD8-A6D3-A0CCF7F8E71D}.Debug|Any CPU.ActiveCfg = Debug|Any CPU
		{623865E1-ADD1-4DD8-A6D3-A0CCF7F8E71D}.Debug|Any CPU.Build.0 = Debug|Any CPU
		{623865E1-ADD1-4DD8-A6D3-A0CCF7F8E71D}.Release|Any CPU.ActiveCfg = Release|Any CPU
		{623865E1-ADD1-4DD8-A6D3-A0CCF7F8E71D}.Release|Any CPU.Build.0 = Release|Any CPU
		{8C838C83-4013-406A-8E9F-B8FC44929E9E}.Debug|Any CPU.ActiveCfg = Debug|Any CPU
		{8C838C83-4013-406A-8E9F-B8FC44929E9E}.Debug|Any CPU.Build.0 = Debug|Any CPU
		{8C838C83-4013-406A-8E9F-B8FC44929E9E}.Release|Any CPU.ActiveCfg = Release|Any CPU
		{8C838C83-4013-406A-8E9F-B8FC44929E9E}.Release|Any CPU.Build.0 = Release|Any CPU
		{5853035C-5670-45D0-9323-FC419D7D113B}.Debug|Any CPU.ActiveCfg = Debug|Any CPU
		{5853035C-5670-45D0-9323-FC419D7D113B}.Debug|Any CPU.Build.0 = Debug|Any CPU
		{5853035C-5670-45D0-9323-FC419D7D113B}.Release|Any CPU.ActiveCfg = Release|Any CPU
		{5853035C-5670-45D0-9323-FC419D7D113B}.Release|Any CPU.Build.0 = Release|Any CPU
	EndGlobalSection
	GlobalSection(SolutionProperties) = preSolution
		HideSolutionNode = FALSE
	EndGlobalSection
	GlobalSection(NestedProjects) = preSolution
		{50532AD2-376F-4854-A6FA-BF63ABA58C11} = {2C93EFAD-026F-4B33-B278-92FB93AB5392}
		{E5A7E020-13E0-404D-B2F3-B51BE1803676} = {2186BE33-38F0-4405-B885-C6655C18FC62}
		{77007C2D-2256-4C61-A1FA-A68D191676C5} = {2C93EFAD-026F-4B33-B278-92FB93AB5392}
		{C42F6162-00A1-4036-A073-9FADFA4FA47A} = {2C93EFAD-026F-4B33-B278-92FB93AB5392}
		{623865E1-ADD1-4DD8-A6D3-A0CCF7F8E71D} = {2C93EFAD-026F-4B33-B278-92FB93AB5392}
		{8C838C83-4013-406A-8E9F-B8FC44929E9E} = {8BBBD6E7-B02F-4C2E-BC44-9CAF04093D24}
		{5853035C-5670-45D0-9323-FC419D7D113B} = {2C93EFAD-026F-4B33-B278-92FB93AB5392}
	EndGlobalSection
	GlobalSection(ExtensibilityGlobals) = postSolution
		SolutionGuid = {515807A4-19CF-40CA-9756-CE2642046A9B}
	EndGlobalSection
EndGlobal
